// !$*UTF8*$!
{
	archiveVersion = 1;
	classes = {
	};
	objectVersion = 46;
	objects = {

/* Begin PBXBuildFile section */
		23C4007A1DD5AFE6004E8292 /* AppDelegate.swift in Sources */ = {isa = PBXBuildFile; fileRef = 23C400791DD5AFE6004E8292 /* AppDelegate.swift */; };
		23C4007C1DD5AFE6004E8292 /* ViewController.swift in Sources */ = {isa = PBXBuildFile; fileRef = 23C4007B1DD5AFE6004E8292 /* ViewController.swift */; };
		23C4007F1DD5AFE6004E8292 /* Main.storyboard in Resources */ = {isa = PBXBuildFile; fileRef = 23C4007D1DD5AFE6004E8292 /* Main.storyboard */; };
		23C400811DD5AFE6004E8292 /* Assets.xcassets in Resources */ = {isa = PBXBuildFile; fileRef = 23C400801DD5AFE6004E8292 /* Assets.xcassets */; };
		23C400841DD5AFE6004E8292 /* LaunchScreen.storyboard in Resources */ = {isa = PBXBuildFile; fileRef = 23C400821DD5AFE6004E8292 /* LaunchScreen.storyboard */; };
/* End PBXBuildFile section */

/* Begin PBXFileReference section */
		23C400761DD5AFE5004E8292 /* Threading.app */ = {isa = PBXFileReference; explicitFileType = wrapper.application; includeInIndex = 0; path = Threading.app; sourceTree = BUILT_PRODUCTS_DIR; };
		23C400791DD5AFE6004E8292 /* AppDelegate.swift */ = {isa = PBXFileReference; lastKnownFileType = sourcecode.swift; path = AppDelegate.swift; sourceTree = "<group>"; };
		23C4007B1DD5AFE6004E8292 /* ViewController.swift */ = {isa = PBXFileReference; lastKnownFileType = sourcecode.swift; path = ViewController.swift; sourceTree = "<group>"; };
		23C4007E1DD5AFE6004E8292 /* Base */ = {isa = PBXFileReference; lastKnownFileType = file.storyboard; name = Base; path = Base.lproj/Main.storyboard; sourceTree = "<group>"; };
		23C400801DD5AFE6004E8292 /* Assets.xcassets */ = {isa = PBXFileReference; lastKnownFileType = folder.assetcatalog; path = Assets.xcassets; sourceTree = "<group>"; };
		23C400831DD5AFE6004E8292 /* Base */ = {isa = PBXFileReference; lastKnownFileType = file.storyboard; name = Base; path = Base.lproj/LaunchScreen.storyboard; sourceTree = "<group>"; };
		23C400851DD5AFE6004E8292 /* Info.plist */ = {isa = PBXFileReference; lastKnownFileType = text.plist.xml; path = Info.plist; sourceTree = "<group>"; };
/* End PBXFileReference section */

/* Begin PBXFrameworksBuildPhase section */
		23C400731DD5AFE5004E8292 /* Frameworks */ = {
			isa = PBXFrameworksBuildPhase;
			buildActionMask = 2147483647;
			files = (
			);
			runOnlyForDeploymentPostprocessing = 0;
		};
/* End PBXFrameworksBuildPhase section */

/* Begin PBXGroup section */
		23C4006D1DD5AFE5004E8292 = {
			isa = PBXGroup;
			children = (
				23C400781DD5AFE6004E8292 /* Threading */,
				23C400771DD5AFE5004E8292 /* Products */,
			);
			sourceTree = "<group>";
		};
		23C400771DD5AFE5004E8292 /* Products */ = {
			isa = PBXGroup;
			children = (
				23C400761DD5AFE5004E8292 /* Threading.app */,
			);
			name = Products;
			sourceTree = "<group>";
		};
		23C400781DD5AFE6004E8292 /* Threading */ = {
			isa = PBXGroup;
			children = (
				23C400791DD5AFE6004E8292 /* AppDelegate.swift */,
				23C4007B1DD5AFE6004E8292 /* ViewController.swift */,
				23C4007D1DD5AFE6004E8292 /* Main.storyboard */,
				23C400801DD5AFE6004E8292 /* Assets.xcassets */,
				23C400821DD5AFE6004E8292 /* LaunchScreen.storyboard */,
				23C400851DD5AFE6004E8292 /* Info.plist */,
			);
			path = Threading;
			sourceTree = "<group>";
		};
/* End PBXGroup section */

/* Begin PBXNativeTarget section */
		23C400751DD5AFE5004E8292 /* Threading */ = {
			isa = PBXNativeTarget;
			buildConfigurationList = 23C400881DD5AFE6004E8292 /* Build configuration list for PBXNativeTarget "Threading" */;
			buildPhases = (
				23C400721DD5AFE5004E8292 /* Sources */,
				23C400731DD5AFE5004E8292 /* Frameworks */,
				23C400741DD5AFE5004E8292 /* Resources */,
			);
			buildRules = (
			);
			dependencies = (
			);
			name = Threading;
			productName = Threading;
			productReference = 23C400761DD5AFE5004E8292 /* Threading.app */;
			productType = "com.apple.product-type.application";
		};
/* End PBXNativeTarget section */

/* Begin PBXProject section */
		23C4006E1DD5AFE5004E8292 /* Project object */ = {
			isa = PBXProject;
			attributes = {
				LastSwiftUpdateCheck = 0730;
				LastUpgradeCheck = 0730;
				ORGANIZATIONNAME = appsierra;
				TargetAttributes = {
					23C400751DD5AFE5004E8292 = {
						CreatedOnToolsVersion = 7.3.1;
					};
				};
			};
			buildConfigurationList = 23C400711DD5AFE5004E8292 /* Build configuration list for PBXProject "Threading" */;
			compatibilityVersion = "Xcode 3.2";
			developmentRegion = English;
			hasScannedForEncodings = 0;
			knownRegions = (
				en,
				Base,
			);
			mainGroup = 23C4006D1DD5AFE5004E8292;
			productRefGroup = 23C400771DD5AFE5004E8292 /* Products */;
			projectDirPath = "";
			projectRoot = "";
			targets = (
				23C400751DD5AFE5004E8292 /* Threading */,
			);
		};
/* End PBXProject section */

/* Begin PBXResourcesBuildPhase section */
		23C400741DD5AFE5004E8292 /* Resources */ = {
			isa = PBXResourcesBuildPhase;
			buildActionMask = 2147483647;
			files = (
				23C400841DD5AFE6004E8292 /* LaunchScreen.storyboard in Resources */,
				23C400811DD5AFE6004E8292 /* Assets.xcassets in Resources */,
				23C4007F1DD5AFE6004E8292 /* Main.storyboard in Resources */,
			);
			runOnlyForDeploymentPostprocessing = 0;
		};
/* End PBXResourcesBuildPhase section */

/* Begin PBXSourcesBuildPhase section */
		23C400721DD5AFE5004E8292 /* Sources */ = {
			isa = PBXSourcesBuildPhase;
			buildActionMask = 2147483647;
			files = (
				23C4007C1DD5AFE6004E8292 /* ViewController.swift in Sources */,
				23C4007A1DD5AFE6004E8292 /* AppDelegate.swift in Sources */,
			);
			runOnlyForDeploymentPostprocessing = 0;
		};
/* End PBXSourcesBuildPhase section */

/* Begin PBXVariantGroup section */
		23C4007D1DD5AFE6004E8292 /* Main.storyboard */ = {
			isa = PBXVariantGroup;
			children = (
				23C4007E1DD5AFE6004E8292 /* Base */,
			);
			name = Main.storyboard;
			sourceTree = "<group>";
		};
		23C400821DD5AFE6004E8292 /* LaunchScreen.storyboard */ = {
			isa = PBXVariantGroup;
			children = (
				23C400831DD5AFE6004E8292 /* Base */,
			);
			name = LaunchScreen.storyboard;
			sourceTree = "<group>";
		};
/* End PBXVariantGroup section */

/* Begin XCBuildConfiguration section */
		23C400861DD5AFE6004E8292 /* Debug */ = {
			isa = XCBuildConfiguration;
			buildSettings = {
				ALWAYS_SEARCH_USER_PATHS = NO;
				CLANG_ANALYZER_NONNULL = YES;
				CLANG_CXX_LANGUAGE_STANDARD = "gnu++0x";
				CLANG_CXX_LIBRARY = "libc++";
				CLANG_ENABLE_MODULES = YES;
				CLANG_ENABLE_OBJC_ARC = YES;
				CLANG_WARN_BOOL_CONVERSION = YES;
				CLANG_WARN_CONSTANT_CONVERSION = YES;
				CLANG_WARN_DIRECT_OBJC_ISA_USAGE = YES_ERROR;
				CLANG_WARN_EMPTY_BODY = YES;
				CLANG_WARN_ENUM_CONVERSION = YES;
				CLANG_WARN_INT_CONVERSION = YES;
				CLANG_WARN_OBJC_ROOT_CLASS = YES_ERROR;
				CLANG_WARN_UNREACHABLE_CODE = YES;
				CLANG_WARN__DUPLICATE_METHOD_MATCH = YES;
				"CODE_SIGN_IDENTITY[sdk=iphoneos*]" = "iPhone Developer";
				COPY_PHASE_STRIP = NO;
				DEBUG_INFORMATION_FORMAT = dwarf;
				ENABLE_STRICT_OBJC_MSGSEND = YES;
				ENABLE_TESTABILITY = YES;
				GCC_C_LANGUAGE_STANDARD = gnu99;
				GCC_DYNAMIC_NO_PIC = NO;
				GCC_NO_COMMON_BLOCKS = YES;
				GCC_OPTIMIZATION_LEVEL = 0;
				GCC_PREPROCESSOR_DEFINITIONS = (
					"DEBUG=1",
					"$(inherited)",
				);
				GCC_WARN_64_TO_32_BIT_CONVERSION = YES;
				GCC_WARN_ABOUT_RETURN_TYPE = YES_ERROR;
				GCC_WARN_UNDECLARED_SELECTOR = YES;
				GCC_WARN_UNINITIALIZED_AUTOS = YES_AGGRESSIVE;
				GCC_WARN_UNUSED_FUNCTION = YES;
				GCC_WARN_UNUSED_VARIABLE = YES;
				IPHONEOS_DEPLOYMENT_TARGET = 9.3;
				MTL_ENABLE_DEBUG_INFO = YES;
				ONLY_ACTIVE_ARCH = YES;
				SDKROOT = iphoneos;
				SWIFT_OPTIMIZATION_LEVEL = "-Onone";
				TARGETED_DEVICE_FAMILY = "1,2";
			};
			name = Debug;
		};
		23C400871DD5AFE6004E8292 /* Release */ = {
			isa = XCBuildConfiguration;
			buildSettings = {
				ALWAYS_SEARCH_USER_PATHS = NO;
				CLANG_ANALYZER_NONNULL = YES;
				CLANG_CXX_LANGUAGE_STANDARD = "gnu++0x";
				CLANG_CXX_LIBRARY = "libc++";
				CLANG_ENABLE_MODULES = YES;
				CLANG_ENABLE_OBJC_ARC = YES;
				CLANG_WARN_BOOL_CONVERSION = YES;
				CLANG_WARN_CONSTANT_CONVERSION = YES;
				CLANG_WARN_DIRECT_OBJC_ISA_USAGE = YES_ERROR;
				CLANG_WARN_EMPTY_BODY = YES;
				CLANG_WARN_ENUM_CONVERSION = YES;
				CLANG_WARN_INT_CONVERSION = YES;
				CLANG_WARN_OBJC_ROOT_CLASS = YES_ERROR;
				CLANG_WARN_UNREACHABLE_CODE = YES;
				CLANG_WARN__DUPLICATE_METHOD_MATCH = YES;
				"CODE_SIGN_IDENTITY[sdk=iphoneos*]" = "iPhone Developer";
				COPY_PHASE_STRIP = NO;
				DEBUG_INFORMATION_FORMAT = "dwarf-with-dsym";
				ENABLE_NS_ASSERTIONS = NO;
				ENABLE_STRICT_OBJC_MSGSEND = YES;
				GCC_C_LANGUAGE_STANDARD = gnu99;
				GCC_NO_COMMON_BLOCKS = YES;
				GCC_WARN_64_TO_32_BIT_CONVERSION = YES;
				GCC_WARN_ABOUT_RETURN_TYPE = YES_ERROR;
				GCC_WARN_UNDECLARED_SELECTOR = YES;
				GCC_WARN_UNINITIALIZED_AUTOS = YES_AGGRESSIVE;
				GCC_WARN_UNUSED_FUNCTION = YES;
				GCC_WARN_UNUSED_VARIABLE = YES;
				IPHONEOS_DEPLOYMENT_TARGET = 9.3;
				MTL_ENABLE_DEBUG_INFO = NO;
				SDKROOT = iphoneos;
				TARGETED_DEVICE_FAMILY = "1,2";
				VALIDATE_PRODUCT = YES;
			};
			name = Release;
		};
		23C400891DD5AFE6004E8292 /* Debug */ = {
			isa = XCBuildConfiguration;
			buildSettings = {
				ASSETCATALOG_COMPILER_APPICON_NAME = AppIcon;
				INFOPLIST_FILE = Threading/Info.plist;
				LD_RUNPATH_SEARCH_PATHS = "$(inherited) @executable_path/Frameworks";
				PRODUCT_BUNDLE_IDENTIFIER = com.appsierra.Threading;
				PRODUCT_NAME = "$(TARGET_NAME)";
			};
			name = Debug;
		};
		23C4008A1DD5AFE6004E8292 /* Release */ = {
			isa = XCBuildConfiguration;
			buildSettings = {
				ASSETCATALOG_COMPILER_APPICON_NAME = AppIcon;
				INFOPLIST_FILE = Threading/Info.plist;
				LD_RUNPATH_SEARCH_PATHS = "$(inherited) @executable_path/Frameworks";
				PRODUCT_BUNDLE_IDENTIFIER = com.appsierra.Threading;
				PRODUCT_NAME = "$(TARGET_NAME)";
			};
			name = Release;
		};
/* End XCBuildConfiguration section */

/* Begin XCConfigurationList section */
		23C400711DD5AFE5004E8292 /* Build configuration list for PBXProject "Threading" */ = {
			isa = XCConfigurationList;
			buildConfigurations = (
				23C400861DD5AFE6004E8292 /* Debug */,
				23C400871DD5AFE6004E8292 /* Release */,
			);
			defaultConfigurationIsVisible = 0;
			defaultConfigurationName = Release;
		};
		23C400881DD5AFE6004E8292 /* Build configuration list for PBXNativeTarget "Threading" */ = {
			isa = XCConfigurationList;
			buildConfigurations = (
				23C400891DD5AFE6004E8292 /* Debug */,
				23C4008A1DD5AFE6004E8292 /* Release */,
			);
			defaultConfigurationIsVisible = 0;
		};
/* End XCConfigurationList section */
	};
	rootObject = 23C4006E1DD5AFE5004E8292 /* Project object */;
}
